// !$*UTF8*$!
{
	archiveVersion = 1;
	classes = {
	};
	objectVersion = 46;
	objects = {

/* Begin PBXBuildFile section */
		3763F97E1B7CC75E008D6360 /* ALView+PureLayout.m in Sources */ = {isa = PBXBuildFile; fileRef = 3763F9761B7CC75E008D6360 /* ALView+PureLayout.m */; };
		3763F97F1B7CC75E008D6360 /* NSArray+PureLayout.m in Sources */ = {isa = PBXBuildFile; fileRef = 3763F9781B7CC75E008D6360 /* NSArray+PureLayout.m */; };
		3763F9801B7CC75E008D6360 /* NSLayoutConstraint+PureLayout.m in Sources */ = {isa = PBXBuildFile; fileRef = 3763F97A1B7CC75E008D6360 /* NSLayoutConstraint+PureLayout.m */; };
		3763F9A31B7CC8C1008D6360 /* MKAnnotationView+WebCache.m in Sources */ = {isa = PBXBuildFile; fileRef = 3763F9831B7CC8C1008D6360 /* MKAnnotationView+WebCache.m */; };
		3763F9A41B7CC8C1008D6360 /* NSData+ImageContentType.m in Sources */ = {isa = PBXBuildFile; fileRef = 3763F9851B7CC8C1008D6360 /* NSData+ImageContentType.m */; };
		3763F9A51B7CC8C1008D6360 /* SDImageCache.m in Sources */ = {isa = PBXBuildFile; fileRef = 3763F9871B7CC8C1008D6360 /* SDImageCache.m */; };
		3763F9A61B7CC8C1008D6360 /* SDWebImageCompat.m in Sources */ = {isa = PBXBuildFile; fileRef = 3763F9891B7CC8C1008D6360 /* SDWebImageCompat.m */; };
		3763F9A71B7CC8C1008D6360 /* SDWebImageDecoder.m in Sources */ = {isa = PBXBuildFile; fileRef = 3763F98B1B7CC8C1008D6360 /* SDWebImageDecoder.m */; };
		3763F9A81B7CC8C1008D6360 /* SDWebImageDownloader.m in Sources */ = {isa = PBXBuildFile; fileRef = 3763F98D1B7CC8C1008D6360 /* SDWebImageDownloader.m */; };
		3763F9A91B7CC8C1008D6360 /* SDWebImageDownloaderOperation.m in Sources */ = {isa = PBXBuildFile; fileRef = 3763F98F1B7CC8C1008D6360 /* SDWebImageDownloaderOperation.m */; };
		3763F9AA1B7CC8C1008D6360 /* SDWebImageManager.m in Sources */ = {isa = PBXBuildFile; fileRef = 3763F9911B7CC8C1008D6360 /* SDWebImageManager.m */; };
		3763F9AB1B7CC8C1008D6360 /* SDWebImagePrefetcher.m in Sources */ = {isa = PBXBuildFile; fileRef = 3763F9941B7CC8C1008D6360 /* SDWebImagePrefetcher.m */; };
		3763F9AC1B7CC8C1008D6360 /* UIButton+WebCache.m in Sources */ = {isa = PBXBuildFile; fileRef = 3763F9961B7CC8C1008D6360 /* UIButton+WebCache.m */; };
		3763F9AD1B7CC8C1008D6360 /* UIImage+GIF.m in Sources */ = {isa = PBXBuildFile; fileRef = 3763F9981B7CC8C1008D6360 /* UIImage+GIF.m */; };
		3763F9AE1B7CC8C1008D6360 /* UIImage+MultiFormat.m in Sources */ = {isa = PBXBuildFile; fileRef = 3763F99A1B7CC8C1008D6360 /* UIImage+MultiFormat.m */; };
		3763F9AF1B7CC8C1008D6360 /* UIImage+WebP.m in Sources */ = {isa = PBXBuildFile; fileRef = 3763F99C1B7CC8C1008D6360 /* UIImage+WebP.m */; };
		3763F9B01B7CC8C1008D6360 /* UIImageView+HighlightedWebCache.m in Sources */ = {isa = PBXBuildFile; fileRef = 3763F99E1B7CC8C1008D6360 /* UIImageView+HighlightedWebCache.m */; };
		3763F9B11B7CC8C1008D6360 /* UIImageView+WebCache.m in Sources */ = {isa = PBXBuildFile; fileRef = 3763F9A01B7CC8C1008D6360 /* UIImageView+WebCache.m */; };
		3763F9B21B7CC8C1008D6360 /* UIView+WebCacheOperation.m in Sources */ = {isa = PBXBuildFile; fileRef = 3763F9A21B7CC8C1008D6360 /* UIView+WebCacheOperation.m */; };
		376943E01B7CA34F004C85F3 /* main.m in Sources */ = {isa = PBXBuildFile; fileRef = 376943DF1B7CA34F004C85F3 /* main.m */; };
		376943E31B7CA34F004C85F3 /* AppDelegate.m in Sources */ = {isa = PBXBuildFile; fileRef = 376943E21B7CA34F004C85F3 /* AppDelegate.m */; };
		376943FD1B7CA34F004C85F3 /* QQTests.m in Sources */ = {isa = PBXBuildFile; fileRef = 376943FC1B7CA34F004C85F3 /* QQTests.m */; };
		376944071B7CA713004C85F3 /* ImageSet.xcassets in Resources */ = {isa = PBXBuildFile; fileRef = 376944061B7CA713004C85F3 /* ImageSet.xcassets */; };
		379B77B21B7CCCF4006A8722 /* MessageViewController.m in Sources */ = {isa = PBXBuildFile; fileRef = 379B77B11B7CCCF4006A8722 /* MessageViewController.m */; };
		379B77B51B7CCD05006A8722 /* TelphoneViewController.m in Sources */ = {isa = PBXBuildFile; fileRef = 379B77B41B7CCD05006A8722 /* TelphoneViewController.m */; };
		379B77B81B7CCD0F006A8722 /* DynamicViewController.m in Sources */ = {isa = PBXBuildFile; fileRef = 379B77B71B7CCD0F006A8722 /* DynamicViewController.m */; };
/* End PBXBuildFile section */

/* Begin PBXContainerItemProxy section */
		376943F71B7CA34F004C85F3 /* PBXContainerItemProxy */ = {
			isa = PBXContainerItemProxy;
			containerPortal = 376943D21B7CA34F004C85F3 /* Project object */;
			proxyType = 1;
			remoteGlobalIDString = 376943D91B7CA34F004C85F3;
			remoteInfo = QQ;
		};
/* End PBXContainerItemProxy section */

/* Begin PBXFileReference section */
		3763F9751B7CC75E008D6360 /* ALView+PureLayout.h */ = {isa = PBXFileReference; fileEncoding = 4; lastKnownFileType = sourcecode.c.h; path = "ALView+PureLayout.h"; sourceTree = "<group>"; };
		3763F9761B7CC75E008D6360 /* ALView+PureLayout.m */ = {isa = PBXFileReference; fileEncoding = 4; lastKnownFileType = sourcecode.c.objc; path = "ALView+PureLayout.m"; sourceTree = "<group>"; };
		3763F9771B7CC75E008D6360 /* NSArray+PureLayout.h */ = {isa = PBXFileReference; fileEncoding = 4; lastKnownFileType = sourcecode.c.h; path = "NSArray+PureLayout.h"; sourceTree = "<group>"; };
		3763F9781B7CC75E008D6360 /* NSArray+PureLayout.m */ = {isa = PBXFileReference; fileEncoding = 4; lastKnownFileType = sourcecode.c.objc; path = "NSArray+PureLayout.m"; sourceTree = "<group>"; };
		3763F9791B7CC75E008D6360 /* NSLayoutConstraint+PureLayout.h */ = {isa = PBXFileReference; fileEncoding = 4; lastKnownFileType = sourcecode.c.h; path = "NSLayoutConstraint+PureLayout.h"; sourceTree = "<group>"; };
		3763F97A1B7CC75E008D6360 /* NSLayoutConstraint+PureLayout.m */ = {isa = PBXFileReference; fileEncoding = 4; lastKnownFileType = sourcecode.c.objc; path = "NSLayoutConstraint+PureLayout.m"; sourceTree = "<group>"; };
		3763F97B1B7CC75E008D6360 /* PureLayout+Internal.h */ = {isa = PBXFileReference; fileEncoding = 4; lastKnownFileType = sourcecode.c.h; path = "PureLayout+Internal.h"; sourceTree = "<group>"; };
		3763F97C1B7CC75E008D6360 /* PureLayout.h */ = {isa = PBXFileReference; fileEncoding = 4; lastKnownFileType = sourcecode.c.h; path = PureLayout.h; sourceTree = "<group>"; };
		3763F97D1B7CC75E008D6360 /* PureLayoutDefines.h */ = {isa = PBXFileReference; fileEncoding = 4; lastKnownFileType = sourcecode.c.h; path = PureLayoutDefines.h; sourceTree = "<group>"; };
		3763F9821B7CC8C1008D6360 /* MKAnnotationView+WebCache.h */ = {isa = PBXFileReference; fileEncoding = 4; lastKnownFileType = sourcecode.c.h; path = "MKAnnotationView+WebCache.h"; sourceTree = "<group>"; };
		3763F9831B7CC8C1008D6360 /* MKAnnotationView+WebCache.m */ = {isa = PBXFileReference; fileEncoding = 4; lastKnownFileType = sourcecode.c.objc; path = "MKAnnotationView+WebCache.m"; sourceTree = "<group>"; };
		3763F9841B7CC8C1008D6360 /* NSData+ImageContentType.h */ = {isa = PBXFileReference; fileEncoding = 4; lastKnownFileType = sourcecode.c.h; path = "NSData+ImageContentType.h"; sourceTree = "<group>"; };
		3763F9851B7CC8C1008D6360 /* NSData+ImageContentType.m */ = {isa = PBXFileReference; fileEncoding = 4; lastKnownFileType = sourcecode.c.objc; path = "NSData+ImageContentType.m"; sourceTree = "<group>"; };
		3763F9861B7CC8C1008D6360 /* SDImageCache.h */ = {isa = PBXFileReference; fileEncoding = 4; lastKnownFileType = sourcecode.c.h; path = SDImageCache.h; sourceTree = "<group>"; };
		3763F9871B7CC8C1008D6360 /* SDImageCache.m */ = {isa = PBXFileReference; fileEncoding = 4; lastKnownFileType = sourcecode.c.objc; path = SDImageCache.m; sourceTree = "<group>"; };
		3763F9881B7CC8C1008D6360 /* SDWebImageCompat.h */ = {isa = PBXFileReference; fileEncoding = 4; lastKnownFileType = sourcecode.c.h; path = SDWebImageCompat.h; sourceTree = "<group>"; };
		3763F9891B7CC8C1008D6360 /* SDWebImageCompat.m */ = {isa = PBXFileReference; fileEncoding = 4; lastKnownFileType = sourcecode.c.objc; path = SDWebImageCompat.m; sourceTree = "<group>"; };
		3763F98A1B7CC8C1008D6360 /* SDWebImageDecoder.h */ = {isa = PBXFileReference; fileEncoding = 4; lastKnownFileType = sourcecode.c.h; path = SDWebImageDecoder.h; sourceTree = "<group>"; };
		3763F98B1B7CC8C1008D6360 /* SDWebImageDecoder.m */ = {isa = PBXFileReference; fileEncoding = 4; lastKnownFileType = sourcecode.c.objc; path = SDWebImageDecoder.m; sourceTree = "<group>"; };
		3763F98C1B7CC8C1008D6360 /* SDWebImageDownloader.h */ = {isa = PBXFileReference; fileEncoding = 4; lastKnownFileType = sourcecode.c.h; path = SDWebImageDownloader.h; sourceTree = "<group>"; };
		3763F98D1B7CC8C1008D6360 /* SDWebImageDownloader.m */ = {isa = PBXFileReference; fileEncoding = 4; lastKnownFileType = sourcecode.c.objc; path = SDWebImageDownloader.m; sourceTree = "<group>"; };
		3763F98E1B7CC8C1008D6360 /* SDWebImageDownloaderOperation.h */ = {isa = PBXFileReference; fileEncoding = 4; lastKnownFileType = sourcecode.c.h; path = SDWebImageDownloaderOperation.h; sourceTree = "<group>"; };
		3763F98F1B7CC8C1008D6360 /* SDWebImageDownloaderOperation.m */ = {isa = PBXFileReference; fileEncoding = 4; lastKnownFileType = sourcecode.c.objc; path = SDWebImageDownloaderOperation.m; sourceTree = "<group>"; };
		3763F9901B7CC8C1008D6360 /* SDWebImageManager.h */ = {isa = PBXFileReference; fileEncoding = 4; lastKnownFileType = sourcecode.c.h; path = SDWebImageManager.h; sourceTree = "<group>"; };
		3763F9911B7CC8C1008D6360 /* SDWebImageManager.m */ = {isa = PBXFileReference; fileEncoding = 4; lastKnownFileType = sourcecode.c.objc; path = SDWebImageManager.m; sourceTree = "<group>"; };
		3763F9921B7CC8C1008D6360 /* SDWebImageOperation.h */ = {isa = PBXFileReference; fileEncoding = 4; lastKnownFileType = sourcecode.c.h; path = SDWebImageOperation.h; sourceTree = "<group>"; };
		3763F9931B7CC8C1008D6360 /* SDWebImagePrefetcher.h */ = {isa = PBXFileReference; fileEncoding = 4; lastKnownFileType = sourcecode.c.h; path = SDWebImagePrefetcher.h; sourceTree = "<group>"; };
		3763F9941B7CC8C1008D6360 /* SDWebImagePrefetcher.m */ = {isa = PBXFileReference; fileEncoding = 4; lastKnownFileType = sourcecode.c.objc; path = SDWebImagePrefetcher.m; sourceTree = "<group>"; };
		3763F9951B7CC8C1008D6360 /* UIButton+WebCache.h */ = {isa = PBXFileReference; fileEncoding = 4; lastKnownFileType = sourcecode.c.h; path = "UIButton+WebCache.h"; sourceTree = "<group>"; };
		3763F9961B7CC8C1008D6360 /* UIButton+WebCache.m */ = {isa = PBXFileReference; fileEncoding = 4; lastKnownFileType = sourcecode.c.objc; path = "UIButton+WebCache.m"; sourceTree = "<group>"; };
		3763F9971B7CC8C1008D6360 /* UIImage+GIF.h */ = {isa = PBXFileReference; fileEncoding = 4; lastKnownFileType = sourcecode.c.h; path = "UIImage+GIF.h"; sourceTree = "<group>"; };
		3763F9981B7CC8C1008D6360 /* UIImage+GIF.m */ = {isa = PBXFileReference; fileEncoding = 4; lastKnownFileType = sourcecode.c.objc; path = "UIImage+GIF.m"; sourceTree = "<group>"; };
		3763F9991B7CC8C1008D6360 /* UIImage+MultiFormat.h */ = {isa = PBXFileReference; fileEncoding = 4; lastKnownFileType = sourcecode.c.h; path = "UIImage+MultiFormat.h"; sourceTree = "<group>"; };
		3763F99A1B7CC8C1008D6360 /* UIImage+MultiFormat.m */ = {isa = PBXFileReference; fileEncoding = 4; lastKnownFileType = sourcecode.c.objc; path = "UIImage+MultiFormat.m"; sourceTree = "<group>"; };
		3763F99B1B7CC8C1008D6360 /* UIImage+WebP.h */ = {isa = PBXFileReference; fileEncoding = 4; lastKnownFileType = sourcecode.c.h; path = "UIImage+WebP.h"; sourceTree = "<group>"; };
		3763F99C1B7CC8C1008D6360 /* UIImage+WebP.m */ = {isa = PBXFileReference; fileEncoding = 4; lastKnownFileType = sourcecode.c.objc; path = "UIImage+WebP.m"; sourceTree = "<group>"; };
		3763F99D1B7CC8C1008D6360 /* UIImageView+HighlightedWebCache.h */ = {isa = PBXFileReference; fileEncoding = 4; lastKnownFileType = sourcecode.c.h; path = "UIImageView+HighlightedWebCache.h"; sourceTree = "<group>"; };
		3763F99E1B7CC8C1008D6360 /* UIImageView+HighlightedWebCache.m */ = {isa = PBXFileReference; fileEncoding = 4; lastKnownFileType = sourcecode.c.objc; path = "UIImageView+HighlightedWebCache.m"; sourceTree = "<group>"; };
		3763F99F1B7CC8C1008D6360 /* UIImageView+WebCache.h */ = {isa = PBXFileReference; fileEncoding = 4; lastKnownFileType = sourcecode.c.h; path = "UIImageView+WebCache.h"; sourceTree = "<group>"; };
		3763F9A01B7CC8C1008D6360 /* UIImageView+WebCache.m */ = {isa = PBXFileReference; fileEncoding = 4; lastKnownFileType = sourcecode.c.objc; path = "UIImageView+WebCache.m"; sourceTree = "<group>"; };
		3763F9A11B7CC8C1008D6360 /* UIView+WebCacheOperation.h */ = {isa = PBXFileReference; fileEncoding = 4; lastKnownFileType = sourcecode.c.h; path = "UIView+WebCacheOperation.h"; sourceTree = "<group>"; };
		3763F9A21B7CC8C1008D6360 /* UIView+WebCacheOperation.m */ = {isa = PBXFileReference; fileEncoding = 4; lastKnownFileType = sourcecode.c.objc; path = "UIView+WebCacheOperation.m"; sourceTree = "<group>"; };
		376943DA1B7CA34F004C85F3 /* QQ.app */ = {isa = PBXFileReference; explicitFileType = wrapper.application; includeInIndex = 0; path = QQ.app; sourceTree = BUILT_PRODUCTS_DIR; };
		376943DE1B7CA34F004C85F3 /* Info.plist */ = {isa = PBXFileReference; lastKnownFileType = text.plist.xml; path = Info.plist; sourceTree = "<group>"; };
		376943DF1B7CA34F004C85F3 /* main.m */ = {isa = PBXFileReference; lastKnownFileType = sourcecode.c.objc; path = main.m; sourceTree = "<group>"; };
		376943E11B7CA34F004C85F3 /* AppDelegate.h */ = {isa = PBXFileReference; lastKnownFileType = sourcecode.c.h; path = AppDelegate.h; sourceTree = "<group>"; };
		376943E21B7CA34F004C85F3 /* AppDelegate.m */ = {isa = PBXFileReference; lastKnownFileType = sourcecode.c.objc; path = AppDelegate.m; sourceTree = "<group>"; };
		376943F61B7CA34F004C85F3 /* QQTests.xctest */ = {isa = PBXFileReference; explicitFileType = wrapper.cfbundle; includeInIndex = 0; path = QQTests.xctest; sourceTree = BUILT_PRODUCTS_DIR; };
		376943FB1B7CA34F004C85F3 /* Info.plist */ = {isa = PBXFileReference; lastKnownFileType = text.plist.xml; path = Info.plist; sourceTree = "<group>"; };
		376943FC1B7CA34F004C85F3 /* QQTests.m */ = {isa = PBXFileReference; lastKnownFileType = sourcecode.c.objc; path = QQTests.m; sourceTree = "<group>"; };
		376944061B7CA713004C85F3 /* ImageSet.xcassets */ = {isa = PBXFileReference; lastKnownFileType = folder.assetcatalog; path = ImageSet.xcassets; sourceTree = "<group>"; };
		379B77B01B7CCCF4006A8722 /* MessageViewController.h */ = {isa = PBXFileReference; fileEncoding = 4; lastKnownFileType = sourcecode.c.h; path = MessageViewController.h; sourceTree = "<group>"; };
		379B77B11B7CCCF4006A8722 /* MessageViewController.m */ = {isa = PBXFileReference; fileEncoding = 4; lastKnownFileType = sourcecode.c.objc; path = MessageViewController.m; sourceTree = "<group>"; };
		379B77B31B7CCD05006A8722 /* TelphoneViewController.h */ = {isa = PBXFileReference; fileEncoding = 4; lastKnownFileType = sourcecode.c.h; path = TelphoneViewController.h; sourceTree = "<group>"; };
		379B77B41B7CCD05006A8722 /* TelphoneViewController.m */ = {isa = PBXFileReference; fileEncoding = 4; lastKnownFileType = sourcecode.c.objc; path = TelphoneViewController.m; sourceTree = "<group>"; };
		379B77B61B7CCD0F006A8722 /* DynamicViewController.h */ = {isa = PBXFileReference; fileEncoding = 4; lastKnownFileType = sourcecode.c.h; path = DynamicViewController.h; sourceTree = "<group>"; };
		379B77B71B7CCD0F006A8722 /* DynamicViewController.m */ = {isa = PBXFileReference; fileEncoding = 4; lastKnownFileType = sourcecode.c.objc; path = DynamicViewController.m; sourceTree = "<group>"; };
/* End PBXFileReference section */

/* Begin PBXFrameworksBuildPhase section */
		376943D71B7CA34F004C85F3 /* Frameworks */ = {
			isa = PBXFrameworksBuildPhase;
			buildActionMask = 2147483647;
			files = (
			);
			runOnlyForDeploymentPostprocessing = 0;
		};
		376943F31B7CA34F004C85F3 /* Frameworks */ = {
			isa = PBXFrameworksBuildPhase;
			buildActionMask = 2147483647;
			files = (
			);
			runOnlyForDeploymentPostprocessing = 0;
		};
/* End PBXFrameworksBuildPhase section */

/* Begin PBXGroup section */
		3763F9731B7CC75E008D6360 /* Third Part Library */ = {
			isa = PBXGroup;
			children = (
				3763F9811B7CC8C1008D6360 /* SDWebImage */,
				3763F9741B7CC75E008D6360 /* PureLayout */,
			);
			path = "Third Part Library";
			sourceTree = "<group>";
		};
		3763F9741B7CC75E008D6360 /* PureLayout */ = {
			isa = PBXGroup;
			children = (
				3763F9751B7CC75E008D6360 /* ALView+PureLayout.h */,
				3763F9761B7CC75E008D6360 /* ALView+PureLayout.m */,
				3763F9771B7CC75E008D6360 /* NSArray+PureLayout.h */,
				3763F9781B7CC75E008D6360 /* NSArray+PureLayout.m */,
				3763F9791B7CC75E008D6360 /* NSLayoutConstraint+PureLayout.h */,
				3763F97A1B7CC75E008D6360 /* NSLayoutConstraint+PureLayout.m */,
				3763F97B1B7CC75E008D6360 /* PureLayout+Internal.h */,
				3763F97C1B7CC75E008D6360 /* PureLayout.h */,
				3763F97D1B7CC75E008D6360 /* PureLayoutDefines.h */,
			);
			path = PureLayout;
			sourceTree = "<group>";
		};
		3763F9811B7CC8C1008D6360 /* SDWebImage */ = {
			isa = PBXGroup;
			children = (
				3763F9821B7CC8C1008D6360 /* MKAnnotationView+WebCache.h */,
				3763F9831B7CC8C1008D6360 /* MKAnnotationView+WebCache.m */,
				3763F9841B7CC8C1008D6360 /* NSData+ImageContentType.h */,
				3763F9851B7CC8C1008D6360 /* NSData+ImageContentType.m */,
				3763F9861B7CC8C1008D6360 /* SDImageCache.h */,
				3763F9871B7CC8C1008D6360 /* SDImageCache.m */,
				3763F9881B7CC8C1008D6360 /* SDWebImageCompat.h */,
				3763F9891B7CC8C1008D6360 /* SDWebImageCompat.m */,
				3763F98A1B7CC8C1008D6360 /* SDWebImageDecoder.h */,
				3763F98B1B7CC8C1008D6360 /* SDWebImageDecoder.m */,
				3763F98C1B7CC8C1008D6360 /* SDWebImageDownloader.h */,
				3763F98D1B7CC8C1008D6360 /* SDWebImageDownloader.m */,
				3763F98E1B7CC8C1008D6360 /* SDWebImageDownloaderOperation.h */,
				3763F98F1B7CC8C1008D6360 /* SDWebImageDownloaderOperation.m */,
				3763F9901B7CC8C1008D6360 /* SDWebImageManager.h */,
				3763F9911B7CC8C1008D6360 /* SDWebImageManager.m */,
				3763F9921B7CC8C1008D6360 /* SDWebImageOperation.h */,
				3763F9931B7CC8C1008D6360 /* SDWebImagePrefetcher.h */,
				3763F9941B7CC8C1008D6360 /* SDWebImagePrefetcher.m */,
				3763F9951B7CC8C1008D6360 /* UIButton+WebCache.h */,
				3763F9961B7CC8C1008D6360 /* UIButton+WebCache.m */,
				3763F9971B7CC8C1008D6360 /* UIImage+GIF.h */,
				3763F9981B7CC8C1008D6360 /* UIImage+GIF.m */,
				3763F9991B7CC8C1008D6360 /* UIImage+MultiFormat.h */,
				3763F99A1B7CC8C1008D6360 /* UIImage+MultiFormat.m */,
				3763F99B1B7CC8C1008D6360 /* UIImage+WebP.h */,
				3763F99C1B7CC8C1008D6360 /* UIImage+WebP.m */,
				3763F99D1B7CC8C1008D6360 /* UIImageView+HighlightedWebCache.h */,
				3763F99E1B7CC8C1008D6360 /* UIImageView+HighlightedWebCache.m */,
				3763F99F1B7CC8C1008D6360 /* UIImageView+WebCache.h */,
				3763F9A01B7CC8C1008D6360 /* UIImageView+WebCache.m */,
				3763F9A11B7CC8C1008D6360 /* UIView+WebCacheOperation.h */,
				3763F9A21B7CC8C1008D6360 /* UIView+WebCacheOperation.m */,
			);
			path = SDWebImage;
			sourceTree = "<group>";
		};
		376943D11B7CA34F004C85F3 = {
			isa = PBXGroup;
			children = (
				376943DC1B7CA34F004C85F3 /* QQ */,
				376943F91B7CA34F004C85F3 /* QQTests */,
				376943DB1B7CA34F004C85F3 /* Products */,
			);
			sourceTree = "<group>";
		};
		376943DB1B7CA34F004C85F3 /* Products */ = {
			isa = PBXGroup;
			children = (
				376943DA1B7CA34F004C85F3 /* QQ.app */,
				376943F61B7CA34F004C85F3 /* QQTests.xctest */,
			);
			name = Products;
			sourceTree = "<group>";
		};
		376943DC1B7CA34F004C85F3 /* QQ */ = {
			isa = PBXGroup;
			children = (
				379B77AE1B7CCCBE006A8722 /* Message */,
				379B77AF1B7CCCBE006A8722 /* Telphone */,
				379B77AD1B7CCCBE006A8722 /* Dynamic */,
				376943E11B7CA34F004C85F3 /* AppDelegate.h */,
				376943E21B7CA34F004C85F3 /* AppDelegate.m */,
				376943DD1B7CA34F004C85F3 /* Supporting Files */,
			);
			path = QQ;
			sourceTree = "<group>";
		};
		376943DD1B7CA34F004C85F3 /* Supporting Files */ = {
			isa = PBXGroup;
			children = (
				3763F9731B7CC75E008D6360 /* Third Part Library */,
				376944061B7CA713004C85F3 /* ImageSet.xcassets */,
				376943DE1B7CA34F004C85F3 /* Info.plist */,
				376943DF1B7CA34F004C85F3 /* main.m */,
			);
			name = "Supporting Files";
			sourceTree = "<group>";
		};
		376943F91B7CA34F004C85F3 /* QQTests */ = {
			isa = PBXGroup;
			children = (
				376943FC1B7CA34F004C85F3 /* QQTests.m */,
				376943FA1B7CA34F004C85F3 /* Supporting Files */,
			);
			path = QQTests;
			sourceTree = "<group>";
		};
		376943FA1B7CA34F004C85F3 /* Supporting Files */ = {
			isa = PBXGroup;
			children = (
				376943FB1B7CA34F004C85F3 /* Info.plist */,
			);
			name = "Supporting Files";
			sourceTree = "<group>";
		};
		379B77AD1B7CCCBE006A8722 /* Dynamic */ = {
			isa = PBXGroup;
			children = (
				379B77B61B7CCD0F006A8722 /* DynamicViewController.h */,
				379B77B71B7CCD0F006A8722 /* DynamicViewController.m */,
			);
			path = Dynamic;
			sourceTree = "<group>";
		};
		379B77AE1B7CCCBE006A8722 /* Message */ = {
			isa = PBXGroup;
			children = (
				379B77B01B7CCCF4006A8722 /* MessageViewController.h */,
				379B77B11B7CCCF4006A8722 /* MessageViewController.m */,
			);
			path = Message;
			sourceTree = "<group>";
		};
		379B77AF1B7CCCBE006A8722 /* Telphone */ = {
			isa = PBXGroup;
			children = (
				379B77B31B7CCD05006A8722 /* TelphoneViewController.h */,
				379B77B41B7CCD05006A8722 /* TelphoneViewController.m */,
			);
			path = Telphone;
			sourceTree = "<group>";
		};
/* End PBXGroup section */

/* Begin PBXNativeTarget section */
		376943D91B7CA34F004C85F3 /* QQ */ = {
			isa = PBXNativeTarget;
			buildConfigurationList = 376944001B7CA34F004C85F3 /* Build configuration list for PBXNativeTarget "QQ" */;
			buildPhases = (
				376943D61B7CA34F004C85F3 /* Sources */,
				376943D71B7CA34F004C85F3 /* Frameworks */,
				376943D81B7CA34F004C85F3 /* Resources */,
			);
			buildRules = (
			);
			dependencies = (
			);
			name = QQ;
			productName = QQ;
			productReference = 376943DA1B7CA34F004C85F3 /* QQ.app */;
			productType = "com.apple.product-type.application";
		};
		376943F51B7CA34F004C85F3 /* QQTests */ = {
			isa = PBXNativeTarget;
			buildConfigurationList = 376944031B7CA34F004C85F3 /* Build configuration list for PBXNativeTarget "QQTests" */;
			buildPhases = (
				376943F21B7CA34F004C85F3 /* Sources */,
				376943F31B7CA34F004C85F3 /* Frameworks */,
				376943F41B7CA34F004C85F3 /* Resources */,
			);
			buildRules = (
			);
			dependencies = (
				376943F81B7CA34F004C85F3 /* PBXTargetDependency */,
			);
			name = QQTests;
			productName = QQTests;
			productReference = 376943F61B7CA34F004C85F3 /* QQTests.xctest */;
			productType = "com.apple.product-type.bundle.unit-test";
		};
/* End PBXNativeTarget section */

/* Begin PBXProject section */
		376943D21B7CA34F004C85F3 /* Project object */ = {
			isa = PBXProject;
			attributes = {
				LastUpgradeCheck = 0640;
				ORGANIZATIONNAME = weida;
				TargetAttributes = {
					376943D91B7CA34F004C85F3 = {
						CreatedOnToolsVersion = 6.4;
					};
					376943F51B7CA34F004C85F3 = {
						CreatedOnToolsVersion = 6.4;
						TestTargetID = 376943D91B7CA34F004C85F3;
					};
				};
			};
			buildConfigurationList = 376943D51B7CA34F004C85F3 /* Build configuration list for PBXProject "QQ" */;
			compatibilityVersion = "Xcode 3.2";
			developmentRegion = English;
			hasScannedForEncodings = 0;
			knownRegions = (
				en,
				Base,
			);
			mainGroup = 376943D11B7CA34F004C85F3;
			productRefGroup = 376943DB1B7CA34F004C85F3 /* Products */;
			projectDirPath = "";
			projectRoot = "";
			targets = (
				376943D91B7CA34F004C85F3 /* QQ */,
				376943F51B7CA34F004C85F3 /* QQTests */,
			);
		};
/* End PBXProject section */

/* Begin PBXResourcesBuildPhase section */
		376943D81B7CA34F004C85F3 /* Resources */ = {
			isa = PBXResourcesBuildPhase;
			buildActionMask = 2147483647;
			files = (
				376944071B7CA713004C85F3 /* ImageSet.xcassets in Resources */,
			);
			runOnlyForDeploymentPostprocessing = 0;
		};
		376943F41B7CA34F004C85F3 /* Resources */ = {
			isa = PBXResourcesBuildPhase;
			buildActionMask = 2147483647;
			files = (
			);
			runOnlyForDeploymentPostprocessing = 0;
		};
/* End PBXResourcesBuildPhase section */

/* Begin PBXSourcesBuildPhase section */
		376943D61B7CA34F004C85F3 /* Sources */ = {
			isa = PBXSourcesBuildPhase;
			buildActionMask = 2147483647;
			files = (
				3763F97F1B7CC75E008D6360 /* NSArray+PureLayout.m in Sources */,
				3763F9B01B7CC8C1008D6360 /* UIImageView+HighlightedWebCache.m in Sources */,
				379B77B51B7CCD05006A8722 /* TelphoneViewController.m in Sources */,
				3763F9B11B7CC8C1008D6360 /* UIImageView+WebCache.m in Sources */,
				3763F9AF1B7CC8C1008D6360 /* UIImage+WebP.m in Sources */,
				3763F9AB1B7CC8C1008D6360 /* SDWebImagePrefetcher.m in Sources */,
				379B77B81B7CCD0F006A8722 /* DynamicViewController.m in Sources */,
				3763F9801B7CC75E008D6360 /* NSLayoutConstraint+PureLayout.m in Sources */,
				3763F9A71B7CC8C1008D6360 /* SDWebImageDecoder.m in Sources */,
				3763F9A81B7CC8C1008D6360 /* SDWebImageDownloader.m in Sources */,
				376943E31B7CA34F004C85F3 /* AppDelegate.m in Sources */,
				3763F9AA1B7CC8C1008D6360 /* SDWebImageManager.m in Sources */,
				3763F9B21B7CC8C1008D6360 /* UIView+WebCacheOperation.m in Sources */,
				3763F9AC1B7CC8C1008D6360 /* UIButton+WebCache.m in Sources */,
				379B77B21B7CCCF4006A8722 /* MessageViewController.m in Sources */,
				3763F9AE1B7CC8C1008D6360 /* UIImage+MultiFormat.m in Sources */,
				3763F97E1B7CC75E008D6360 /* ALView+PureLayout.m in Sources */,
				3763F9A91B7CC8C1008D6360 /* SDWebImageDownloaderOperation.m in Sources */,
				3763F9AD1B7CC8C1008D6360 /* UIImage+GIF.m in Sources */,
				3763F9A61B7CC8C1008D6360 /* SDWebImageCompat.m in Sources */,
				3763F9A41B7CC8C1008D6360 /* NSData+ImageContentType.m in Sources */,
				376943E01B7CA34F004C85F3 /* main.m in Sources */,
				3763F9A31B7CC8C1008D6360 /* MKAnnotationView+WebCache.m in Sources */,
				3763F9A51B7CC8C1008D6360 /* SDImageCache.m in Sources */,
			);
			runOnlyForDeploymentPostprocessing = 0;
		};
		376943F21B7CA34F004C85F3 /* Sources */ = {
			isa = PBXSourcesBuildPhase;
			buildActionMask = 2147483647;
			files = (
				376943FD1B7CA34F004C85F3 /* QQTests.m in Sources */,
			);
			runOnlyForDeploymentPostprocessing = 0;
		};
/* End PBXSourcesBuildPhase section */

/* Begin PBXTargetDependency section */
		376943F81B7CA34F004C85F3 /* PBXTargetDependency */ = {
			isa = PBXTargetDependency;
			target = 376943D91B7CA34F004C85F3 /* QQ */;
			targetProxy = 376943F71B7CA34F004C85F3 /* PBXContainerItemProxy */;
		};
/* End PBXTargetDependency section */

/* Begin XCBuildConfiguration section */
		376943FE1B7CA34F004C85F3 /* Debug */ = {
			isa = XCBuildConfiguration;
			buildSettings = {
				ALWAYS_SEARCH_USER_PATHS = NO;
				CLANG_CXX_LANGUAGE_STANDARD = "gnu++0x";
				CLANG_CXX_LIBRARY = "libc++";
				CLANG_ENABLE_MODULES = YES;
				CLANG_ENABLE_OBJC_ARC = YES;
				CLANG_WARN_BOOL_CONVERSION = YES;
				CLANG_WARN_CONSTANT_CONVERSION = YES;
				CLANG_WARN_DIRECT_OBJC_ISA_USAGE = YES_ERROR;
				CLANG_WARN_EMPTY_BODY = YES;
				CLANG_WARN_ENUM_CONVERSION = YES;
				CLANG_WARN_INT_CONVERSION = YES;
				CLANG_WARN_OBJC_ROOT_CLASS = YES_ERROR;
				CLANG_WARN_UNREACHABLE_CODE = YES;
				CLANG_WARN__DUPLICATE_METHOD_MATCH = YES;
				"CODE_SIGN_IDENTITY[sdk=iphoneos*]" = "iPhone Developer";
				COPY_PHASE_STRIP = NO;
				DEBUG_INFORMATION_FORMAT = "dwarf-with-dsym";
				ENABLE_STRICT_OBJC_MSGSEND = YES;
				GCC_C_LANGUAGE_STANDARD = gnu99;
				GCC_DYNAMIC_NO_PIC = NO;
				GCC_NO_COMMON_BLOCKS = YES;
				GCC_OPTIMIZATION_LEVEL = 0;
				GCC_PREPROCESSOR_DEFINITIONS = (
					"DEBUG=1",
					"$(inherited)",
				);
				GCC_SYMBOLS_PRIVATE_EXTERN = NO;
				GCC_WARN_64_TO_32_BIT_CONVERSION = YES;
				GCC_WARN_ABOUT_RETURN_TYPE = YES_ERROR;
				GCC_WARN_UNDECLARED_SELECTOR = YES;
				GCC_WARN_UNINITIALIZED_AUTOS = YES_AGGRESSIVE;
				GCC_WARN_UNUSED_FUNCTION = YES;
				GCC_WARN_UNUSED_VARIABLE = YES;
				IPHONEOS_DEPLOYMENT_TARGET = 8.4;
				MTL_ENABLE_DEBUG_INFO = YES;
				ONLY_ACTIVE_ARCH = YES;
				SDKROOT = iphoneos;
				TARGETED_DEVICE_FAMILY = "1,2";
			};
			name = Debug;
		};
		376943FF1B7CA34F004C85F3 /* Release */ = {
			isa = XCBuildConfiguration;
			buildSettings = {
				ALWAYS_SEARCH_USER_PATHS = NO;
				CLANG_CXX_LANGUAGE_STANDARD = "gnu++0x";
				CLANG_CXX_LIBRARY = "libc++";
				CLANG_ENABLE_MODULES = YES;
				CLANG_ENABLE_OBJC_ARC = YES;
				CLANG_WARN_BOOL_CONVERSION = YES;
				CLANG_WARN_CONSTANT_CONVERSION = YES;
				CLANG_WARN_DIRECT_OBJC_ISA_USAGE = YES_ERROR;
				CLANG_WARN_EMPTY_BODY = YES;
				CLANG_WARN_ENUM_CONVERSION = YES;
				CLANG_WARN_INT_CONVERSION = YES;
				CLANG_WARN_OBJC_ROOT_CLASS = YES_ERROR;
				CLANG_WARN_UNREACHABLE_CODE = YES;
				CLANG_WARN__DUPLICATE_METHOD_MATCH = YES;
				"CODE_SIGN_IDENTITY[sdk=iphoneos*]" = "iPhone Developer";
				COPY_PHASE_STRIP = NO;
				DEBUG_INFORMATION_FORMAT = "dwarf-with-dsym";
				ENABLE_NS_ASSERTIONS = NO;
				ENABLE_STRICT_OBJC_MSGSEND = YES;
				GCC_C_LANGUAGE_STANDARD = gnu99;
				GCC_NO_COMMON_BLOCKS = YES;
				GCC_WARN_64_TO_32_BIT_CONVERSION = YES;
				GCC_WARN_ABOUT_RETURN_TYPE = YES_ERROR;
				GCC_WARN_UNDECLARED_SELECTOR = YES;
				GCC_WARN_UNINITIALIZED_AUTOS = YES_AGGRESSIVE;
				GCC_WARN_UNUSED_FUNCTION = YES;
				GCC_WARN_UNUSED_VARIABLE = YES;
				IPHONEOS_DEPLOYMENT_TARGET = 8.4;
				MTL_ENABLE_DEBUG_INFO = NO;
				SDKROOT = iphoneos;
				TARGETED_DEVICE_FAMILY = "1,2";
				VALIDATE_PRODUCT = YES;
			};
			name = Release;
		};
		376944011B7CA34F004C85F3 /* Debug */ = {
			isa = XCBuildConfiguration;
			buildSettings = {
				ASSETCATALOG_COMPILER_APPICON_NAME = AppIcon;
				ASSETCATALOG_COMPILER_LAUNCHIMAGE_NAME = LaunchImage;
				INFOPLIST_FILE = QQ/Info.plist;
				IPHONEOS_DEPLOYMENT_TARGET = 6.0;
				LD_RUNPATH_SEARCH_PATHS = "$(inherited) @executable_path/Frameworks";
				PRODUCT_NAME = "$(TARGET_NAME)";
				TARGETED_DEVICE_FAMILY = 1;
			};
			name = Debug;
		};
		376944021B7CA34F004C85F3 /* Release */ = {
			isa = XCBuildConfiguration;
			buildSettings = {
				ASSETCATALOG_COMPILER_APPICON_NAME = AppIcon;
				ASSETCATALOG_COMPILER_LAUNCHIMAGE_NAME = LaunchImage;
				INFOPLIST_FILE = QQ/Info.plist;
				IPHONEOS_DEPLOYMENT_TARGET = 6.0;
				LD_RUNPATH_SEARCH_PATHS = "$(inherited) @executable_path/Frameworks";
				PRODUCT_NAME = "$(TARGET_NAME)";
				TARGETED_DEVICE_FAMILY = 1;
			};
			name = Release;
		};
		376944041B7CA34F004C85F3 /* Debug */ = {
			isa = XCBuildConfiguration;
			buildSettings = {
				BUNDLE_LOADER = "$(TEST_HOST)";
				FRAMEWORK_SEARCH_PATHS = (
					"$(SDKROOT)/Developer/Library/Frameworks",
					"$(inherited)",
				);
				GCC_PREPROCESSOR_DEFINITIONS = (
					"DEBUG=1",
					"$(inherited)",
				);
				INFOPLIST_FILE = QQTests/Info.plist;
				LD_RUNPATH_SEARCH_PATHS = "$(inherited) @executable_path/Frameworks @loader_path/Frameworks";
				PRODUCT_NAME = "$(TARGET_NAME)";
				TEST_HOST = "$(BUILT_PRODUCTS_DIR)/QQ.app/QQ";
			};
			name = Debug;
		};
		376944051B7CA34F004C85F3 /* Release */ = {
			isa = XCBuildConfiguration;
			buildSettings = {
				BUNDLE_LOADER = "$(TEST_HOST)";
				FRAMEWORK_SEARCH_PATHS = (
					"$(SDKROOT)/Developer/Library/Frameworks",
					"$(inherited)",
				);
				INFOPLIST_FILE = QQTests/Info.plist;
				LD_RUNPATH_SEARCH_PATHS = "$(inherited) @executable_path/Frameworks @loader_path/Frameworks";
				PRODUCT_NAME = "$(TARGET_NAME)";
				TEST_HOST = "$(BUILT_PRODUCTS_DIR)/QQ.app/QQ";
			};
			name = Release;
		};
/* End XCBuildConfiguration section */

/* Begin XCConfigurationList section */
		376943D51B7CA34F004C85F3 /* Build configuration list for PBXProject "QQ" */ = {
			isa = XCConfigurationList;
			buildConfigurations = (
				376943FE1B7CA34F004C85F3 /* Debug */,
				376943FF1B7CA34F004C85F3 /* Release */,
			);
			defaultConfigurationIsVisible = 0;
			defaultConfigurationName = Release;
		};
		376944001B7CA34F004C85F3 /* Build configuration list for PBXNativeTarget "QQ" */ = {
			isa = XCConfigurationList;
			buildConfigurations = (
				376944011B7CA34F004C85F3 /* Debug */,
				376944021B7CA34F004C85F3 /* Release */,
			);
			defaultConfigurationIsVisible = 0;
			defaultConfigurationName = Release;
		};
		376944031B7CA34F004C85F3 /* Build configuration list for PBXNativeTarget "QQTests" */ = {
			isa = XCConfigurationList;
			buildConfigurations = (
				376944041B7CA34F004C85F3 /* Debug */,
				376944051B7CA34F004C85F3 /* Release */,
			);
			defaultConfigurationIsVisible = 0;
			defaultConfigurationName = Release;
		};
/* End XCConfigurationList section */
	};
	rootObject = 376943D21B7CA34F004C85F3 /* Project object */;
}
